%{
  "argon2_elixir": {:hex, :argon2_elixir, "2.0.5", "0073a87d755c7e63fc4f9d08b1d1646585b93f144cecde126e15061b24240b20", [:make, :mix], [{:comeonin, "~> 5.1", [hex: :comeonin, repo: "hexpm", optional: false]}, {:elixir_make, "~> 0.5", [hex: :elixir_make, repo: "hexpm", optional: false]}], "hexpm"},
  "comeonin": {:hex, :comeonin, "5.1.2", "fbbbbbfcf0f0e9900c0336d16c8d462edf838ba1759577e29cc5fbd7c28a4540", [:mix], [], "hexpm"},
  "elixir_make": {:hex, :elixir_make, "0.6.0", "38349f3e29aff4864352084fc736fa7fa0f2995a819a737554f7ebd28b85aaab", [:mix], [], "hexpm"},
}
